
Microsoft Visual Studio Solution File, Format Version 12.00
# Visual Studio Version 16
VisualStudioVersion = 16.0.30320.27
MinimumVisualStudioVersion = 10.0.40219.1
Project("{9A19103F-16F7-4668-BE54-9A1E7A4F7556}") = "RendererEngine", "Renderer3D\RendererEngine.csproj", "{E974789E-A8D4-478A-B624-0C865030C839}"
EndProject
Global
	GlobalSection(SolutionConfigurationPlatforms) = preSolution
		Debug|Any CPU = Debug|Any CPU
		Release|Any CPU = Release|Any CPU
	EndGlobalSection
	GlobalSection(ProjectConfigurationPlatforms) = postSolution
		{E974789E-A8D4-478A-B624-0C865030C839}.Debug|Any CPU.ActiveCfg = Debug|Any CPU
		{E974789E-A8D4-478A-B624-0C865030C839}.Debug|Any CPU.Build.0 = Debug|Any CPU
		{E974789E-A8D4-478A-B624-0C865030C839}.Release|Any CPU.ActiveCfg = Release|Any CPU
		{E974789E-A8D4-478A-B624-0C865030C839}.Release|Any CPU.Build.0 = Release|Any CPU
	EndGlobalSection
	GlobalSection(SolutionProperties) = preSolution
		HideSolutionNode = FALSE
	EndGlobalSection
	GlobalSection(ExtensibilityGlobals) = postSolution
		SolutionGuid = {258463D3-25A3-4686-9104-0DEED6FFA10C}
	EndGlobalSection
EndGlobal
