
Microsoft Visual Studio Solution File, Format Version 12.00
# Visual Studio Version 16
VisualStudioVersion = 16.0.30320.27
MinimumVisualStudioVersion = 10.0.40219.1
Project("{FAE04EC0-301F-11D3-BF4B-00C04F79EFBC}") = "UFN_CG", "UFN_CG\UFN_CG.csproj", "{276A210E-A886-428C-82A4-E47E96D8DA4A}"
EndProject
Global
	GlobalSection(SolutionConfigurationPlatforms) = preSolution
		Debug|Any CPU = Debug|Any CPU
		Release|Any CPU = Release|Any CPU
	EndGlobalSection
	GlobalSection(ProjectConfigurationPlatforms) = postSolution
		{276A210E-A886-428C-82A4-E47E96D8DA4A}.Debug|Any CPU.ActiveCfg = Debug|Any CPU
		{276A210E-A886-428C-82A4-E47E96D8DA4A}.Debug|Any CPU.Build.0 = Debug|Any CPU
		{276A210E-A886-428C-82A4-E47E96D8DA4A}.Release|Any CPU.ActiveCfg = Release|Any CPU
		{276A210E-A886-428C-82A4-E47E96D8DA4A}.Release|Any CPU.Build.0 = Release|Any CPU
	EndGlobalSection
	GlobalSection(SolutionProperties) = preSolution
		HideSolutionNode = FALSE
	EndGlobalSection
	GlobalSection(ExtensibilityGlobals) = postSolution
		SolutionGuid = {7B3BB6B6-58E1-46AD-9FA8-6348F1D93AC1}
	EndGlobalSection
EndGlobal
